
Microsoft Visual Studio Solution File, Format Version 12.00
# Visual Studio 15
VisualStudioVersion = 15.0.27004.2005
MinimumVisualStudioVersion = 10.0.40219.1
Project("{FAE04EC0-301F-11D3-BF4B-00C04F79EFBC}") = "MultiplierTestsLib", "MultiplierTestsLib\MultiplierTestsLib.csproj", "{AB97D397-A6B1-49F9-94E3-3128C3ED6F76}"
EndProject
Project("{FAE04EC0-301F-11D3-BF4B-00C04F79EFBC}") = "MultiplierLib", "MultiplierLib\MultiplierLib.csproj", "{CFB973AE-9DC5-4B51-A8F4-64266BF374FB}"
EndProject
Project("{FAE04EC0-301F-11D3-BF4B-00C04F79EFBC}") = "VarukorgTestsLib", "VarukorgTestsLib\VarukorgTestsLib.csproj", "{B4D283A5-144F-4A3E-9E01-120C6ADFD20F}"
EndProject
Project("{FAE04EC0-301F-11D3-BF4B-00C04F79EFBC}") = "VarukorgLib", "VarukorgLib\VarukorgLib.csproj", "{EFFA1FC2-79EF-4976-81A0-FD8A87274A33}"
EndProject
Project("{2150E333-8FDC-42A3-9474-1A3956D46DE8}") = "StoryTeller", "StoryTeller", "{3394449D-043A-4723-A274-033B3FD5F8CA}"
EndProject
Project("{FAE04EC0-301F-11D3-BF4B-00C04F79EFBC}") = "StorytellerWindowsApp", "StorytellerWindowsApp\StorytellerWindowsApp.csproj", "{D591C79B-89EB-4263-A0B5-EE20EBCE8B5A}"
EndProject
Project("{FAE04EC0-301F-11D3-BF4B-00C04F79EFBC}") = "CirkusTestsLib", "CirkusTestsLib\CirkusTestsLib.csproj", "{F6DDA807-E203-4580-8367-B3B32A235A7E}"
EndProject
Project("{FAE04EC0-301F-11D3-BF4B-00C04F79EFBC}") = "CirkusLib", "CirkusLib\CirkusLib.csproj", "{35AE4224-3925-402E-AE2E-D3F9100A61BC}"
EndProject
Project("{2150E333-8FDC-42A3-9474-1A3956D46DE8}") = "Cirkus", "Cirkus", "{E1ACEA9B-835F-47C5-8E23-C4DE3274054A}"
EndProject
Project("{2150E333-8FDC-42A3-9474-1A3956D46DE8}") = "Refaktorering av Exam", "Refaktorering av Exam", "{5730A08F-8AE8-4C19-AF6C-131B5265B0E2}"
EndProject
Project("{FAE04EC0-301F-11D3-BF4B-00C04F79EFBC}") = "ExamTestsLib", "ExamTestsLib\ExamTestsLib.csproj", "{77494448-A8FD-44D5-B54E-CDA1C0367D41}"
EndProject
Project("{FAE04EC0-301F-11D3-BF4B-00C04F79EFBC}") = "ExamLib", "ExamLib\ExamLib.csproj", "{E9E7BEC4-1392-4067-99D0-FC74F56B686E}"
EndProject
Project("{FAE04EC0-301F-11D3-BF4B-00C04F79EFBC}") = "ExamWindowsApp", "ExamWindowsApp\ExamWindowsApp.csproj", "{8A05A1A1-D8B4-4DE0-B930-7A0A78EC6820}"
EndProject
Project("{2150E333-8FDC-42A3-9474-1A3956D46DE8}") = "GuessNumber", "GuessNumber", "{BC84265C-CF45-4B30-902D-8CBD9E352F40}"
EndProject
Project("{FAE04EC0-301F-11D3-BF4B-00C04F79EFBC}") = "GuessNumberTestsLib", "GuessNumberTestsLib\GuessNumberTestsLib.csproj", "{16793637-F41F-4D61-8356-FC44DA732A3A}"
EndProject
Project("{9A19103F-16F7-4668-BE54-9A1E7A4F7556}") = "GuessNumberLib", "GuessNumberLib\GuessNumberLib.csproj", "{DB48EE14-9BCE-4C3D-BF0F-3CAE91039EAF}"
EndProject
Project("{FAE04EC0-301F-11D3-BF4B-00C04F79EFBC}") = "GuessNumberGui", "GuessNumberGui\GuessNumberGui.csproj", "{87A6BE47-6366-4C49-97E5-4BDD4A0E05E8}"
EndProject
Project("{2150E333-8FDC-42A3-9474-1A3956D46DE8}") = "DiceGame", "DiceGame", "{8D2D5F78-AA41-4946-9B2C-90C8AB72B4BF}"
EndProject
Project("{FAE04EC0-301F-11D3-BF4B-00C04F79EFBC}") = "DiceGameTestsLib", "DiceGameTestsLib\DiceGameTestsLib.csproj", "{EAACF265-8DD0-498A-8D85-531730B78DAF}"
EndProject
Project("{FAE04EC0-301F-11D3-BF4B-00C04F79EFBC}") = "DiceGameLib", "DiceGameLib\DiceGameLib.csproj", "{984444D2-9DDA-48C0-A986-8FC5CD016BCA}"
EndProject
Project("{2150E333-8FDC-42A3-9474-1A3956D46DE8}") = "OOP", "OOP", "{930A9AF0-8E6F-4DF6-83B2-63DAB51CDCAE}"
EndProject
Project("{FAE04EC0-301F-11D3-BF4B-00C04F79EFBC}") = "OOPConsoleApp", "OOPConsoleApp\OOPConsoleApp.csproj", "{BBE5D72A-970D-46D9-A754-D0C88917FBAB}"
EndProject
Project("{FAE04EC0-301F-11D3-BF4B-00C04F79EFBC}") = "CarBuilderApp", "CarBuilderApp\CarBuilderApp.csproj", "{6D383CE5-09D2-4CEB-A191-8ED5BF02F333}"
EndProject
Project("{FAE04EC0-301F-11D3-BF4B-00C04F79EFBC}") = "StudentCountApp", "StudentCountApp\StudentCountApp.csproj", "{57D27E37-FCA2-4FCD-BC0F-EC9F676A5A69}"
EndProject
Project("{2150E333-8FDC-42A3-9474-1A3956D46DE8}") = "ConvertToUpperCase", "ConvertToUpperCase", "{EF9FADC5-CAF2-46C9-BB53-C12B9C5272C1}"
EndProject
Project("{FAE04EC0-301F-11D3-BF4B-00C04F79EFBC}") = "ConvertToUpperCaseApp", "ConvertToUpperCaseApp\ConvertToUpperCaseApp.csproj", "{36C9C7F2-CAD7-4D96-87DC-C84F8A22EA32}"
EndProject
Project("{2150E333-8FDC-42A3-9474-1A3956D46DE8}") = "AppendFiles", "AppendFiles", "{4EAA67EF-B543-47CF-91BF-5D1D20848FD0}"
EndProject
Project("{FAE04EC0-301F-11D3-BF4B-00C04F79EFBC}") = "AppendFilesApp", "AppendFilesApp\AppendFilesApp.csproj", "{CB4A39A2-0B16-47BB-A1F4-2E8EEB155A35}"
EndProject
Project("{2150E333-8FDC-42A3-9474-1A3956D46DE8}") = "SlideShow", "SlideShow", "{1ECF90B0-5B57-4D81-875D-24D9F0D96A98}"
EndProject
Project("{FAE04EC0-301F-11D3-BF4B-00C04F79EFBC}") = "SlideShowApp", "SlideShowApp\SlideShowApp.csproj", "{F8811CF0-A893-4EAB-BFDB-5793D8A77B53}"
EndProject
Project("{2150E333-8FDC-42A3-9474-1A3956D46DE8}") = "DataToFile", "DataToFile", "{38733DED-7EB4-4034-B2FC-A1DD6349B24E}"
EndProject
Project("{FAE04EC0-301F-11D3-BF4B-00C04F79EFBC}") = "DataToFileApp", "DataToFileApp\DataToFileApp.csproj", "{14F5337E-C97E-4E3B-A3E1-25E4849DF9A5}"
EndProject
Project("{2150E333-8FDC-42A3-9474-1A3956D46DE8}") = "PersonNumber", "PersonNumber", "{12E2A0D8-8BCF-4149-BA38-0ABD5554D1B0}"
EndProject
Project("{FAE04EC0-301F-11D3-BF4B-00C04F79EFBC}") = "PersonNumberApp", "PersonNumberApp\PersonNumberApp.csproj", "{B3901705-9A21-4B04-9F51-D6059ACC4DDA}"
EndProject
Project("{2150E333-8FDC-42A3-9474-1A3956D46DE8}") = "PersonNumberUnitTests", "PersonNumberUnitTests", "{C61EE47B-4CF2-4699-8AFA-371DD4BE9996}"
EndProject
Project("{FAE04EC0-301F-11D3-BF4B-00C04F79EFBC}") = "PersonNumberTestsLib", "PersonNumberTestsLib\PersonNumberTestsLib.csproj", "{50BA24CD-5B9D-4684-8EC6-04D6651C595A}"
EndProject
Project("{FAE04EC0-301F-11D3-BF4B-00C04F79EFBC}") = "PersonNumberLib", "PersonNumberLib\PersonNumberLib.csproj", "{7B73FCA4-C6BF-4603-8A0D-178A9CFE988B}"
EndProject
Project("{FAE04EC0-301F-11D3-BF4B-00C04F79EFBC}") = "PersonNumberGui", "PersonNumberGui\PersonNumberGui.csproj", "{5AC34390-54FB-49D0-89E2-B945C2B23A36}"
EndProject
Project("{2150E333-8FDC-42A3-9474-1A3956D46DE8}") = "RegEx", "RegEx", "{FEC412BF-73DD-4052-9C1E-ACC26324D3A4}"
EndProject
Project("{FAE04EC0-301F-11D3-BF4B-00C04F79EFBC}") = "RegExTests", "RegExTests\RegExTests.csproj", "{9E916926-57EC-4452-87D5-9DC5CB88B453}"
EndProject
Project("{FAE04EC0-301F-11D3-BF4B-00C04F79EFBC}") = "EmployeeLib", "EmployeeLib\EmployeeLib.csproj", "{396913A1-EC0B-4776-8413-D27F562755E8}"
EndProject
Project("{2150E333-8FDC-42A3-9474-1A3956D46DE8}") = "UtbildningEvents", "UtbildningEvents", "{E5E56293-8A16-4EE8-9CE1-A9980C75C937}"
EndProject
Project("{FAE04EC0-301F-11D3-BF4B-00C04F79EFBC}") = "UtbildningTests", "UtbildningTests\UtbildningTests.csproj", "{59408B4D-33C9-4A77-A966-9C1606A2C0F2}"
EndProject
Project("{FAE04EC0-301F-11D3-BF4B-00C04F79EFBC}") = "UtbildningLib", "UtbildningLib\UtbildningLib.csproj", "{6BC229B8-F778-4BFB-B9CF-322DEAAE193B}"
EndProject
Project("{2150E333-8FDC-42A3-9474-1A3956D46DE8}") = "SIEImport", "SIEImport", "{EF6ABF6C-193D-4970-BD7E-A6F0ABB8C05E}"
EndProject
Project("{FAE04EC0-301F-11D3-BF4B-00C04F79EFBC}") = "SIEImportTests", "SIEImportTests\SIEImportTests.csproj", "{4DCD485F-8E70-44C9-B95A-9C8843E3F6B6}"
EndProject
Project("{FAE04EC0-301F-11D3-BF4B-00C04F79EFBC}") = "AccountLib", "AccountLib\AccountLib.csproj", "{0E82416B-CA19-4FDE-8C84-CCB859E08246}"
EndProject
Project("{2150E333-8FDC-42A3-9474-1A3956D46DE8}") = "Driver Journal", "Driver Journal", "{82F4E8EB-1764-4514-9CB2-40934D857723}"
EndProject
Project("{FAE04EC0-301F-11D3-BF4B-00C04F79EFBC}") = "DriverJournalTestsLib", "DrivingJournalTestsLib\DriverJournalTestsLib.csproj", "{D18B3EBC-CEBB-4334-B40C-C8FECCA646B0}"
EndProject
Project("{FAE04EC0-301F-11D3-BF4B-00C04F79EFBC}") = "DriverJournalLib", "DriverJournalLib\DriverJournalLib.csproj", "{59B43246-9317-444F-9559-9CC2584AE9C0}"
EndProject
Project("{FAE04EC0-301F-11D3-BF4B-00C04F79EFBC}") = "DriverJournalApp", "DriverJournalApp\DriverJournalApp.csproj", "{017AD012-3304-4883-92C4-23AC36C9066C}"
EndProject
Project("{2150E333-8FDC-42A3-9474-1A3956D46DE8}") = "PracticeApp", "PracticeApp", "{F985542D-A026-4391-A794-E34477F26E96}"
EndProject
Project("{FAE04EC0-301F-11D3-BF4B-00C04F79EFBC}") = "PracticeTestsLib", "PracticeTestsLib\PracticeTestsLib.csproj", "{A6DF898D-B148-4208-BA6D-1F8D2E31DFE4}"
EndProject
Project("{FAE04EC0-301F-11D3-BF4B-00C04F79EFBC}") = "PracticeLib", "PracticeLib\PracticeLib.csproj", "{6A1D879E-D918-4481-B24A-B018D928752A}"
EndProject
Project("{FAE04EC0-301F-11D3-BF4B-00C04F79EFBC}") = "PracticeApp", "PracticeApp\PracticeApp.csproj", "{6C391B31-FDB1-4467-B2B5-78B309AF8E23}"
EndProject
Project("{2150E333-8FDC-42A3-9474-1A3956D46DE8}") = "DagisApp", "DagisApp", "{C385CB5D-D87E-483F-B3B4-DE89A2D8505C}"
EndProject
Project("{FAE04EC0-301F-11D3-BF4B-00C04F79EFBC}") = "DagisAppen", "DagisAppen\DagisAppen.csproj", "{136C1E1C-2C6D-4034-9AEC-BF703E8E37C9}"
EndProject
Project("{2150E333-8FDC-42A3-9474-1A3956D46DE8}") = "FakturaAppen", "FakturaAppen", "{7E55B315-AD82-4595-BDBB-0D100DFCE643}"
EndProject
Project("{FAE04EC0-301F-11D3-BF4B-00C04F79EFBC}") = "FakturaAppen", "FakturaAppen\FakturaAppen.csproj", "{9934635D-4DF6-4EB7-AA66-195D194B3F1F}"
EndProject
Project("{FAE04EC0-301F-11D3-BF4B-00C04F79EFBC}") = "FakturaLib", "FakturaLib\FakturaLib.csproj", "{245E0698-9DE1-4380-AA68-46E95317DE1F}"
EndProject
Project("{FAE04EC0-301F-11D3-BF4B-00C04F79EFBC}") = "FakturaWinApp", "FakturaWinApp\FakturaWinApp.csproj", "{457C1048-936F-4126-8ACC-AF5DB51D190F}"
EndProject
Project("{2150E333-8FDC-42A3-9474-1A3956D46DE8}") = "Open2FilesAndConvert", "Open2FilesAndConvert", "{76EDDED9-9FEE-483C-B2B3-65B1C02F1B4D}"
EndProject
Project("{FAE04EC0-301F-11D3-BF4B-00C04F79EFBC}") = "OpenFilesTestsLib", "OpenFilesTests\OpenFilesTestsLib.csproj", "{EC820389-4239-4BDE-BF14-7E66E34257EB}"
EndProject
Project("{FAE04EC0-301F-11D3-BF4B-00C04F79EFBC}") = "OpenFilesApp", "OpenFilesLib\OpenFilesApp.csproj", "{968A42D7-4C07-427C-89EC-7CF03DB2DE9A}"
EndProject
Project("{FAE04EC0-301F-11D3-BF4B-00C04F79EFBC}") = "Opens2FilesLib", "Opens2FilesLib\Opens2FilesLib.csproj", "{1780F688-BB97-4600-BA10-EEA4CD8DBE61}"
EndProject
Project("{2150E333-8FDC-42A3-9474-1A3956D46DE8}") = "PartiesAndCourses", "PartiesAndCourses", "{72AF4BD2-7EA3-4946-A91C-B5E513FAB94D}"
EndProject
Project("{FAE04EC0-301F-11D3-BF4B-00C04F79EFBC}") = "PartiesAndCoursesTestsLib", "PartiesAndCoursesTestsLib\PartiesAndCoursesTestsLib.csproj", "{99392A95-2DDE-4492-973A-D277A62BDE65}"
EndProject
Global
	GlobalSection(SolutionConfigurationPlatforms) = preSolution
		Debug|Any CPU = Debug|Any CPU
		Release|Any CPU = Release|Any CPU
	EndGlobalSection
	GlobalSection(ProjectConfigurationPlatforms) = postSolution
		{AB97D397-A6B1-49F9-94E3-3128C3ED6F76}.Debug|Any CPU.ActiveCfg = Debug|Any CPU
		{AB97D397-A6B1-49F9-94E3-3128C3ED6F76}.Debug|Any CPU.Build.0 = Debug|Any CPU
		{AB97D397-A6B1-49F9-94E3-3128C3ED6F76}.Release|Any CPU.ActiveCfg = Release|Any CPU
		{AB97D397-A6B1-49F9-94E3-3128C3ED6F76}.Release|Any CPU.Build.0 = Release|Any CPU
		{CFB973AE-9DC5-4B51-A8F4-64266BF374FB}.Debug|Any CPU.ActiveCfg = Debug|Any CPU
		{CFB973AE-9DC5-4B51-A8F4-64266BF374FB}.Debug|Any CPU.Build.0 = Debug|Any CPU
		{CFB973AE-9DC5-4B51-A8F4-64266BF374FB}.Release|Any CPU.ActiveCfg = Release|Any CPU
		{CFB973AE-9DC5-4B51-A8F4-64266BF374FB}.Release|Any CPU.Build.0 = Release|Any CPU
		{B4D283A5-144F-4A3E-9E01-120C6ADFD20F}.Debug|Any CPU.ActiveCfg = Debug|Any CPU
		{B4D283A5-144F-4A3E-9E01-120C6ADFD20F}.Debug|Any CPU.Build.0 = Debug|Any CPU
		{B4D283A5-144F-4A3E-9E01-120C6ADFD20F}.Release|Any CPU.ActiveCfg = Release|Any CPU
		{B4D283A5-144F-4A3E-9E01-120C6ADFD20F}.Release|Any CPU.Build.0 = Release|Any CPU
		{EFFA1FC2-79EF-4976-81A0-FD8A87274A33}.Debug|Any CPU.ActiveCfg = Debug|Any CPU
		{EFFA1FC2-79EF-4976-81A0-FD8A87274A33}.Debug|Any CPU.Build.0 = Debug|Any CPU
		{EFFA1FC2-79EF-4976-81A0-FD8A87274A33}.Release|Any CPU.ActiveCfg = Release|Any CPU
		{EFFA1FC2-79EF-4976-81A0-FD8A87274A33}.Release|Any CPU.Build.0 = Release|Any CPU
		{D591C79B-89EB-4263-A0B5-EE20EBCE8B5A}.Debug|Any CPU.ActiveCfg = Debug|Any CPU
		{D591C79B-89EB-4263-A0B5-EE20EBCE8B5A}.Debug|Any CPU.Build.0 = Debug|Any CPU
		{D591C79B-89EB-4263-A0B5-EE20EBCE8B5A}.Release|Any CPU.ActiveCfg = Release|Any CPU
		{D591C79B-89EB-4263-A0B5-EE20EBCE8B5A}.Release|Any CPU.Build.0 = Release|Any CPU
		{F6DDA807-E203-4580-8367-B3B32A235A7E}.Debug|Any CPU.ActiveCfg = Debug|Any CPU
		{F6DDA807-E203-4580-8367-B3B32A235A7E}.Debug|Any CPU.Build.0 = Debug|Any CPU
		{F6DDA807-E203-4580-8367-B3B32A235A7E}.Release|Any CPU.ActiveCfg = Release|Any CPU
		{F6DDA807-E203-4580-8367-B3B32A235A7E}.Release|Any CPU.Build.0 = Release|Any CPU
		{35AE4224-3925-402E-AE2E-D3F9100A61BC}.Debug|Any CPU.ActiveCfg = Debug|Any CPU
		{35AE4224-3925-402E-AE2E-D3F9100A61BC}.Debug|Any CPU.Build.0 = Debug|Any CPU
		{35AE4224-3925-402E-AE2E-D3F9100A61BC}.Release|Any CPU.ActiveCfg = Release|Any CPU
		{35AE4224-3925-402E-AE2E-D3F9100A61BC}.Release|Any CPU.Build.0 = Release|Any CPU
		{77494448-A8FD-44D5-B54E-CDA1C0367D41}.Debug|Any CPU.ActiveCfg = Debug|Any CPU
		{77494448-A8FD-44D5-B54E-CDA1C0367D41}.Debug|Any CPU.Build.0 = Debug|Any CPU
		{77494448-A8FD-44D5-B54E-CDA1C0367D41}.Release|Any CPU.ActiveCfg = Release|Any CPU
		{77494448-A8FD-44D5-B54E-CDA1C0367D41}.Release|Any CPU.Build.0 = Release|Any CPU
		{E9E7BEC4-1392-4067-99D0-FC74F56B686E}.Debug|Any CPU.ActiveCfg = Debug|Any CPU
		{E9E7BEC4-1392-4067-99D0-FC74F56B686E}.Debug|Any CPU.Build.0 = Debug|Any CPU
		{E9E7BEC4-1392-4067-99D0-FC74F56B686E}.Release|Any CPU.ActiveCfg = Release|Any CPU
		{E9E7BEC4-1392-4067-99D0-FC74F56B686E}.Release|Any CPU.Build.0 = Release|Any CPU
		{8A05A1A1-D8B4-4DE0-B930-7A0A78EC6820}.Debug|Any CPU.ActiveCfg = Debug|Any CPU
		{8A05A1A1-D8B4-4DE0-B930-7A0A78EC6820}.Debug|Any CPU.Build.0 = Debug|Any CPU
		{8A05A1A1-D8B4-4DE0-B930-7A0A78EC6820}.Release|Any CPU.ActiveCfg = Release|Any CPU
		{8A05A1A1-D8B4-4DE0-B930-7A0A78EC6820}.Release|Any CPU.Build.0 = Release|Any CPU
		{16793637-F41F-4D61-8356-FC44DA732A3A}.Debug|Any CPU.ActiveCfg = Debug|Any CPU
		{16793637-F41F-4D61-8356-FC44DA732A3A}.Debug|Any CPU.Build.0 = Debug|Any CPU
		{16793637-F41F-4D61-8356-FC44DA732A3A}.Release|Any CPU.ActiveCfg = Release|Any CPU
		{16793637-F41F-4D61-8356-FC44DA732A3A}.Release|Any CPU.Build.0 = Release|Any CPU
		{DB48EE14-9BCE-4C3D-BF0F-3CAE91039EAF}.Debug|Any CPU.ActiveCfg = Debug|Any CPU
		{DB48EE14-9BCE-4C3D-BF0F-3CAE91039EAF}.Debug|Any CPU.Build.0 = Debug|Any CPU
		{DB48EE14-9BCE-4C3D-BF0F-3CAE91039EAF}.Release|Any CPU.ActiveCfg = Release|Any CPU
		{DB48EE14-9BCE-4C3D-BF0F-3CAE91039EAF}.Release|Any CPU.Build.0 = Release|Any CPU
		{87A6BE47-6366-4C49-97E5-4BDD4A0E05E8}.Debug|Any CPU.ActiveCfg = Debug|Any CPU
		{87A6BE47-6366-4C49-97E5-4BDD4A0E05E8}.Debug|Any CPU.Build.0 = Debug|Any CPU
		{87A6BE47-6366-4C49-97E5-4BDD4A0E05E8}.Release|Any CPU.ActiveCfg = Release|Any CPU
		{87A6BE47-6366-4C49-97E5-4BDD4A0E05E8}.Release|Any CPU.Build.0 = Release|Any CPU
		{EAACF265-8DD0-498A-8D85-531730B78DAF}.Debug|Any CPU.ActiveCfg = Debug|Any CPU
		{EAACF265-8DD0-498A-8D85-531730B78DAF}.Debug|Any CPU.Build.0 = Debug|Any CPU
		{EAACF265-8DD0-498A-8D85-531730B78DAF}.Release|Any CPU.ActiveCfg = Release|Any CPU
		{EAACF265-8DD0-498A-8D85-531730B78DAF}.Release|Any CPU.Build.0 = Release|Any CPU
		{984444D2-9DDA-48C0-A986-8FC5CD016BCA}.Debug|Any CPU.ActiveCfg = Debug|Any CPU
		{984444D2-9DDA-48C0-A986-8FC5CD016BCA}.Debug|Any CPU.Build.0 = Debug|Any CPU
		{984444D2-9DDA-48C0-A986-8FC5CD016BCA}.Release|Any CPU.ActiveCfg = Release|Any CPU
		{984444D2-9DDA-48C0-A986-8FC5CD016BCA}.Release|Any CPU.Build.0 = Release|Any CPU
		{BBE5D72A-970D-46D9-A754-D0C88917FBAB}.Debug|Any CPU.ActiveCfg = Debug|Any CPU
		{BBE5D72A-970D-46D9-A754-D0C88917FBAB}.Debug|Any CPU.Build.0 = Debug|Any CPU
		{BBE5D72A-970D-46D9-A754-D0C88917FBAB}.Release|Any CPU.ActiveCfg = Release|Any CPU
		{BBE5D72A-970D-46D9-A754-D0C88917FBAB}.Release|Any CPU.Build.0 = Release|Any CPU
		{6D383CE5-09D2-4CEB-A191-8ED5BF02F333}.Debug|Any CPU.ActiveCfg = Debug|Any CPU
		{6D383CE5-09D2-4CEB-A191-8ED5BF02F333}.Debug|Any CPU.Build.0 = Debug|Any CPU
		{6D383CE5-09D2-4CEB-A191-8ED5BF02F333}.Release|Any CPU.ActiveCfg = Release|Any CPU
		{6D383CE5-09D2-4CEB-A191-8ED5BF02F333}.Release|Any CPU.Build.0 = Release|Any CPU
		{57D27E37-FCA2-4FCD-BC0F-EC9F676A5A69}.Debug|Any CPU.ActiveCfg = Debug|Any CPU
		{57D27E37-FCA2-4FCD-BC0F-EC9F676A5A69}.Debug|Any CPU.Build.0 = Debug|Any CPU
		{57D27E37-FCA2-4FCD-BC0F-EC9F676A5A69}.Release|Any CPU.ActiveCfg = Release|Any CPU
		{57D27E37-FCA2-4FCD-BC0F-EC9F676A5A69}.Release|Any CPU.Build.0 = Release|Any CPU
		{36C9C7F2-CAD7-4D96-87DC-C84F8A22EA32}.Debug|Any CPU.ActiveCfg = Debug|Any CPU
		{36C9C7F2-CAD7-4D96-87DC-C84F8A22EA32}.Debug|Any CPU.Build.0 = Debug|Any CPU
		{36C9C7F2-CAD7-4D96-87DC-C84F8A22EA32}.Release|Any CPU.ActiveCfg = Release|Any CPU
		{36C9C7F2-CAD7-4D96-87DC-C84F8A22EA32}.Release|Any CPU.Build.0 = Release|Any CPU
		{CB4A39A2-0B16-47BB-A1F4-2E8EEB155A35}.Debug|Any CPU.ActiveCfg = Debug|Any CPU
		{CB4A39A2-0B16-47BB-A1F4-2E8EEB155A35}.Debug|Any CPU.Build.0 = Debug|Any CPU
		{CB4A39A2-0B16-47BB-A1F4-2E8EEB155A35}.Release|Any CPU.ActiveCfg = Release|Any CPU
		{CB4A39A2-0B16-47BB-A1F4-2E8EEB155A35}.Release|Any CPU.Build.0 = Release|Any CPU
		{F8811CF0-A893-4EAB-BFDB-5793D8A77B53}.Debug|Any CPU.ActiveCfg = Debug|Any CPU
		{F8811CF0-A893-4EAB-BFDB-5793D8A77B53}.Debug|Any CPU.Build.0 = Debug|Any CPU
		{F8811CF0-A893-4EAB-BFDB-5793D8A77B53}.Release|Any CPU.ActiveCfg = Release|Any CPU
		{F8811CF0-A893-4EAB-BFDB-5793D8A77B53}.Release|Any CPU.Build.0 = Release|Any CPU
		{14F5337E-C97E-4E3B-A3E1-25E4849DF9A5}.Debug|Any CPU.ActiveCfg = Debug|Any CPU
		{14F5337E-C97E-4E3B-A3E1-25E4849DF9A5}.Debug|Any CPU.Build.0 = Debug|Any CPU
		{14F5337E-C97E-4E3B-A3E1-25E4849DF9A5}.Release|Any CPU.ActiveCfg = Release|Any CPU
		{14F5337E-C97E-4E3B-A3E1-25E4849DF9A5}.Release|Any CPU.Build.0 = Release|Any CPU
		{B3901705-9A21-4B04-9F51-D6059ACC4DDA}.Debug|Any CPU.ActiveCfg = Debug|Any CPU
		{B3901705-9A21-4B04-9F51-D6059ACC4DDA}.Debug|Any CPU.Build.0 = Debug|Any CPU
		{B3901705-9A21-4B04-9F51-D6059ACC4DDA}.Release|Any CPU.ActiveCfg = Release|Any CPU
		{B3901705-9A21-4B04-9F51-D6059ACC4DDA}.Release|Any CPU.Build.0 = Release|Any CPU
		{50BA24CD-5B9D-4684-8EC6-04D6651C595A}.Debug|Any CPU.ActiveCfg = Debug|Any CPU
		{50BA24CD-5B9D-4684-8EC6-04D6651C595A}.Debug|Any CPU.Build.0 = Debug|Any CPU
		{50BA24CD-5B9D-4684-8EC6-04D6651C595A}.Release|Any CPU.ActiveCfg = Release|Any CPU
		{50BA24CD-5B9D-4684-8EC6-04D6651C595A}.Release|Any CPU.Build.0 = Release|Any CPU
		{7B73FCA4-C6BF-4603-8A0D-178A9CFE988B}.Debug|Any CPU.ActiveCfg = Debug|Any CPU
		{7B73FCA4-C6BF-4603-8A0D-178A9CFE988B}.Debug|Any CPU.Build.0 = Debug|Any CPU
		{7B73FCA4-C6BF-4603-8A0D-178A9CFE988B}.Release|Any CPU.ActiveCfg = Release|Any CPU
		{7B73FCA4-C6BF-4603-8A0D-178A9CFE988B}.Release|Any CPU.Build.0 = Release|Any CPU
		{5AC34390-54FB-49D0-89E2-B945C2B23A36}.Debug|Any CPU.ActiveCfg = Debug|Any CPU
		{5AC34390-54FB-49D0-89E2-B945C2B23A36}.Debug|Any CPU.Build.0 = Debug|Any CPU
		{5AC34390-54FB-49D0-89E2-B945C2B23A36}.Release|Any CPU.ActiveCfg = Release|Any CPU
		{5AC34390-54FB-49D0-89E2-B945C2B23A36}.Release|Any CPU.Build.0 = Release|Any CPU
		{9E916926-57EC-4452-87D5-9DC5CB88B453}.Debug|Any CPU.ActiveCfg = Debug|Any CPU
		{9E916926-57EC-4452-87D5-9DC5CB88B453}.Debug|Any CPU.Build.0 = Debug|Any CPU
		{9E916926-57EC-4452-87D5-9DC5CB88B453}.Release|Any CPU.ActiveCfg = Release|Any CPU
		{9E916926-57EC-4452-87D5-9DC5CB88B453}.Release|Any CPU.Build.0 = Release|Any CPU
		{396913A1-EC0B-4776-8413-D27F562755E8}.Debug|Any CPU.ActiveCfg = Debug|Any CPU
		{396913A1-EC0B-4776-8413-D27F562755E8}.Debug|Any CPU.Build.0 = Debug|Any CPU
		{396913A1-EC0B-4776-8413-D27F562755E8}.Release|Any CPU.ActiveCfg = Release|Any CPU
		{396913A1-EC0B-4776-8413-D27F562755E8}.Release|Any CPU.Build.0 = Release|Any CPU
		{59408B4D-33C9-4A77-A966-9C1606A2C0F2}.Debug|Any CPU.ActiveCfg = Debug|Any CPU
		{59408B4D-33C9-4A77-A966-9C1606A2C0F2}.Debug|Any CPU.Build.0 = Debug|Any CPU
		{59408B4D-33C9-4A77-A966-9C1606A2C0F2}.Release|Any CPU.ActiveCfg = Release|Any CPU
		{59408B4D-33C9-4A77-A966-9C1606A2C0F2}.Release|Any CPU.Build.0 = Release|Any CPU
		{6BC229B8-F778-4BFB-B9CF-322DEAAE193B}.Debug|Any CPU.ActiveCfg = Debug|Any CPU
		{6BC229B8-F778-4BFB-B9CF-322DEAAE193B}.Debug|Any CPU.Build.0 = Debug|Any CPU
		{6BC229B8-F778-4BFB-B9CF-322DEAAE193B}.Release|Any CPU.ActiveCfg = Release|Any CPU
		{6BC229B8-F778-4BFB-B9CF-322DEAAE193B}.Release|Any CPU.Build.0 = Release|Any CPU
		{4DCD485F-8E70-44C9-B95A-9C8843E3F6B6}.Debug|Any CPU.ActiveCfg = Debug|Any CPU
		{4DCD485F-8E70-44C9-B95A-9C8843E3F6B6}.Debug|Any CPU.Build.0 = Debug|Any CPU
		{4DCD485F-8E70-44C9-B95A-9C8843E3F6B6}.Release|Any CPU.ActiveCfg = Release|Any CPU
		{4DCD485F-8E70-44C9-B95A-9C8843E3F6B6}.Release|Any CPU.Build.0 = Release|Any CPU
		{0E82416B-CA19-4FDE-8C84-CCB859E08246}.Debug|Any CPU.ActiveCfg = Debug|Any CPU
		{0E82416B-CA19-4FDE-8C84-CCB859E08246}.Debug|Any CPU.Build.0 = Debug|Any CPU
		{0E82416B-CA19-4FDE-8C84-CCB859E08246}.Release|Any CPU.ActiveCfg = Release|Any CPU
		{0E82416B-CA19-4FDE-8C84-CCB859E08246}.Release|Any CPU.Build.0 = Release|Any CPU
		{D18B3EBC-CEBB-4334-B40C-C8FECCA646B0}.Debug|Any CPU.ActiveCfg = Debug|Any CPU
		{D18B3EBC-CEBB-4334-B40C-C8FECCA646B0}.Debug|Any CPU.Build.0 = Debug|Any CPU
		{D18B3EBC-CEBB-4334-B40C-C8FECCA646B0}.Release|Any CPU.ActiveCfg = Release|Any CPU
		{D18B3EBC-CEBB-4334-B40C-C8FECCA646B0}.Release|Any CPU.Build.0 = Release|Any CPU
		{59B43246-9317-444F-9559-9CC2584AE9C0}.Debug|Any CPU.ActiveCfg = Debug|Any CPU
		{59B43246-9317-444F-9559-9CC2584AE9C0}.Debug|Any CPU.Build.0 = Debug|Any CPU
		{59B43246-9317-444F-9559-9CC2584AE9C0}.Release|Any CPU.ActiveCfg = Release|Any CPU
		{59B43246-9317-444F-9559-9CC2584AE9C0}.Release|Any CPU.Build.0 = Release|Any CPU
		{017AD012-3304-4883-92C4-23AC36C9066C}.Debug|Any CPU.ActiveCfg = Debug|Any CPU
		{017AD012-3304-4883-92C4-23AC36C9066C}.Debug|Any CPU.Build.0 = Debug|Any CPU
		{017AD012-3304-4883-92C4-23AC36C9066C}.Release|Any CPU.ActiveCfg = Release|Any CPU
		{017AD012-3304-4883-92C4-23AC36C9066C}.Release|Any CPU.Build.0 = Release|Any CPU
		{A6DF898D-B148-4208-BA6D-1F8D2E31DFE4}.Debug|Any CPU.ActiveCfg = Debug|Any CPU
		{A6DF898D-B148-4208-BA6D-1F8D2E31DFE4}.Debug|Any CPU.Build.0 = Debug|Any CPU
		{A6DF898D-B148-4208-BA6D-1F8D2E31DFE4}.Release|Any CPU.ActiveCfg = Release|Any CPU
		{A6DF898D-B148-4208-BA6D-1F8D2E31DFE4}.Release|Any CPU.Build.0 = Release|Any CPU
		{6A1D879E-D918-4481-B24A-B018D928752A}.Debug|Any CPU.ActiveCfg = Debug|Any CPU
		{6A1D879E-D918-4481-B24A-B018D928752A}.Debug|Any CPU.Build.0 = Debug|Any CPU
		{6A1D879E-D918-4481-B24A-B018D928752A}.Release|Any CPU.ActiveCfg = Release|Any CPU
		{6A1D879E-D918-4481-B24A-B018D928752A}.Release|Any CPU.Build.0 = Release|Any CPU
		{6C391B31-FDB1-4467-B2B5-78B309AF8E23}.Debug|Any CPU.ActiveCfg = Debug|Any CPU
		{6C391B31-FDB1-4467-B2B5-78B309AF8E23}.Debug|Any CPU.Build.0 = Debug|Any CPU
		{6C391B31-FDB1-4467-B2B5-78B309AF8E23}.Release|Any CPU.ActiveCfg = Release|Any CPU
		{6C391B31-FDB1-4467-B2B5-78B309AF8E23}.Release|Any CPU.Build.0 = Release|Any CPU
		{136C1E1C-2C6D-4034-9AEC-BF703E8E37C9}.Debug|Any CPU.ActiveCfg = Debug|Any CPU
		{136C1E1C-2C6D-4034-9AEC-BF703E8E37C9}.Debug|Any CPU.Build.0 = Debug|Any CPU
		{136C1E1C-2C6D-4034-9AEC-BF703E8E37C9}.Release|Any CPU.ActiveCfg = Release|Any CPU
		{136C1E1C-2C6D-4034-9AEC-BF703E8E37C9}.Release|Any CPU.Build.0 = Release|Any CPU
		{9934635D-4DF6-4EB7-AA66-195D194B3F1F}.Debug|Any CPU.ActiveCfg = Debug|Any CPU
		{9934635D-4DF6-4EB7-AA66-195D194B3F1F}.Debug|Any CPU.Build.0 = Debug|Any CPU
		{9934635D-4DF6-4EB7-AA66-195D194B3F1F}.Release|Any CPU.ActiveCfg = Release|Any CPU
		{9934635D-4DF6-4EB7-AA66-195D194B3F1F}.Release|Any CPU.Build.0 = Release|Any CPU
		{245E0698-9DE1-4380-AA68-46E95317DE1F}.Debug|Any CPU.ActiveCfg = Debug|Any CPU
		{245E0698-9DE1-4380-AA68-46E95317DE1F}.Debug|Any CPU.Build.0 = Debug|Any CPU
		{245E0698-9DE1-4380-AA68-46E95317DE1F}.Release|Any CPU.ActiveCfg = Release|Any CPU
		{245E0698-9DE1-4380-AA68-46E95317DE1F}.Release|Any CPU.Build.0 = Release|Any CPU
		{457C1048-936F-4126-8ACC-AF5DB51D190F}.Debug|Any CPU.ActiveCfg = Debug|Any CPU
		{457C1048-936F-4126-8ACC-AF5DB51D190F}.Debug|Any CPU.Build.0 = Debug|Any CPU
		{457C1048-936F-4126-8ACC-AF5DB51D190F}.Release|Any CPU.ActiveCfg = Release|Any CPU
		{457C1048-936F-4126-8ACC-AF5DB51D190F}.Release|Any CPU.Build.0 = Release|Any CPU
		{EC820389-4239-4BDE-BF14-7E66E34257EB}.Debug|Any CPU.ActiveCfg = Debug|Any CPU
		{EC820389-4239-4BDE-BF14-7E66E34257EB}.Debug|Any CPU.Build.0 = Debug|Any CPU
		{EC820389-4239-4BDE-BF14-7E66E34257EB}.Release|Any CPU.ActiveCfg = Release|Any CPU
		{EC820389-4239-4BDE-BF14-7E66E34257EB}.Release|Any CPU.Build.0 = Release|Any CPU
		{968A42D7-4C07-427C-89EC-7CF03DB2DE9A}.Debug|Any CPU.ActiveCfg = Debug|Any CPU
		{968A42D7-4C07-427C-89EC-7CF03DB2DE9A}.Debug|Any CPU.Build.0 = Debug|Any CPU
		{968A42D7-4C07-427C-89EC-7CF03DB2DE9A}.Release|Any CPU.ActiveCfg = Release|Any CPU
		{968A42D7-4C07-427C-89EC-7CF03DB2DE9A}.Release|Any CPU.Build.0 = Release|Any CPU
		{1780F688-BB97-4600-BA10-EEA4CD8DBE61}.Debug|Any CPU.ActiveCfg = Debug|Any CPU
		{1780F688-BB97-4600-BA10-EEA4CD8DBE61}.Debug|Any CPU.Build.0 = Debug|Any CPU
		{1780F688-BB97-4600-BA10-EEA4CD8DBE61}.Release|Any CPU.ActiveCfg = Release|Any CPU
		{1780F688-BB97-4600-BA10-EEA4CD8DBE61}.Release|Any CPU.Build.0 = Release|Any CPU
		{99392A95-2DDE-4492-973A-D277A62BDE65}.Debug|Any CPU.ActiveCfg = Debug|Any CPU
		{99392A95-2DDE-4492-973A-D277A62BDE65}.Debug|Any CPU.Build.0 = Debug|Any CPU
		{99392A95-2DDE-4492-973A-D277A62BDE65}.Release|Any CPU.ActiveCfg = Release|Any CPU
		{99392A95-2DDE-4492-973A-D277A62BDE65}.Release|Any CPU.Build.0 = Release|Any CPU
	EndGlobalSection
	GlobalSection(SolutionProperties) = preSolution
		HideSolutionNode = FALSE
	EndGlobalSection
	GlobalSection(NestedProjects) = preSolution
		{D591C79B-89EB-4263-A0B5-EE20EBCE8B5A} = {3394449D-043A-4723-A274-033B3FD5F8CA}
		{F6DDA807-E203-4580-8367-B3B32A235A7E} = {E1ACEA9B-835F-47C5-8E23-C4DE3274054A}
		{35AE4224-3925-402E-AE2E-D3F9100A61BC} = {E1ACEA9B-835F-47C5-8E23-C4DE3274054A}
		{77494448-A8FD-44D5-B54E-CDA1C0367D41} = {5730A08F-8AE8-4C19-AF6C-131B5265B0E2}
		{E9E7BEC4-1392-4067-99D0-FC74F56B686E} = {5730A08F-8AE8-4C19-AF6C-131B5265B0E2}
		{8A05A1A1-D8B4-4DE0-B930-7A0A78EC6820} = {5730A08F-8AE8-4C19-AF6C-131B5265B0E2}
		{16793637-F41F-4D61-8356-FC44DA732A3A} = {BC84265C-CF45-4B30-902D-8CBD9E352F40}
		{DB48EE14-9BCE-4C3D-BF0F-3CAE91039EAF} = {BC84265C-CF45-4B30-902D-8CBD9E352F40}
		{87A6BE47-6366-4C49-97E5-4BDD4A0E05E8} = {BC84265C-CF45-4B30-902D-8CBD9E352F40}
		{EAACF265-8DD0-498A-8D85-531730B78DAF} = {8D2D5F78-AA41-4946-9B2C-90C8AB72B4BF}
		{984444D2-9DDA-48C0-A986-8FC5CD016BCA} = {8D2D5F78-AA41-4946-9B2C-90C8AB72B4BF}
		{BBE5D72A-970D-46D9-A754-D0C88917FBAB} = {930A9AF0-8E6F-4DF6-83B2-63DAB51CDCAE}
		{6D383CE5-09D2-4CEB-A191-8ED5BF02F333} = {930A9AF0-8E6F-4DF6-83B2-63DAB51CDCAE}
		{57D27E37-FCA2-4FCD-BC0F-EC9F676A5A69} = {930A9AF0-8E6F-4DF6-83B2-63DAB51CDCAE}
		{36C9C7F2-CAD7-4D96-87DC-C84F8A22EA32} = {EF9FADC5-CAF2-46C9-BB53-C12B9C5272C1}
		{CB4A39A2-0B16-47BB-A1F4-2E8EEB155A35} = {4EAA67EF-B543-47CF-91BF-5D1D20848FD0}
		{F8811CF0-A893-4EAB-BFDB-5793D8A77B53} = {1ECF90B0-5B57-4D81-875D-24D9F0D96A98}
		{14F5337E-C97E-4E3B-A3E1-25E4849DF9A5} = {38733DED-7EB4-4034-B2FC-A1DD6349B24E}
		{B3901705-9A21-4B04-9F51-D6059ACC4DDA} = {12E2A0D8-8BCF-4149-BA38-0ABD5554D1B0}
		{50BA24CD-5B9D-4684-8EC6-04D6651C595A} = {C61EE47B-4CF2-4699-8AFA-371DD4BE9996}
		{7B73FCA4-C6BF-4603-8A0D-178A9CFE988B} = {C61EE47B-4CF2-4699-8AFA-371DD4BE9996}
		{5AC34390-54FB-49D0-89E2-B945C2B23A36} = {C61EE47B-4CF2-4699-8AFA-371DD4BE9996}
		{9E916926-57EC-4452-87D5-9DC5CB88B453} = {FEC412BF-73DD-4052-9C1E-ACC26324D3A4}
		{396913A1-EC0B-4776-8413-D27F562755E8} = {FEC412BF-73DD-4052-9C1E-ACC26324D3A4}
		{59408B4D-33C9-4A77-A966-9C1606A2C0F2} = {E5E56293-8A16-4EE8-9CE1-A9980C75C937}
		{6BC229B8-F778-4BFB-B9CF-322DEAAE193B} = {E5E56293-8A16-4EE8-9CE1-A9980C75C937}
		{4DCD485F-8E70-44C9-B95A-9C8843E3F6B6} = {EF6ABF6C-193D-4970-BD7E-A6F0ABB8C05E}
		{0E82416B-CA19-4FDE-8C84-CCB859E08246} = {EF6ABF6C-193D-4970-BD7E-A6F0ABB8C05E}
		{D18B3EBC-CEBB-4334-B40C-C8FECCA646B0} = {82F4E8EB-1764-4514-9CB2-40934D857723}
		{59B43246-9317-444F-9559-9CC2584AE9C0} = {82F4E8EB-1764-4514-9CB2-40934D857723}
		{017AD012-3304-4883-92C4-23AC36C9066C} = {82F4E8EB-1764-4514-9CB2-40934D857723}
		{A6DF898D-B148-4208-BA6D-1F8D2E31DFE4} = {F985542D-A026-4391-A794-E34477F26E96}
		{6A1D879E-D918-4481-B24A-B018D928752A} = {F985542D-A026-4391-A794-E34477F26E96}
		{6C391B31-FDB1-4467-B2B5-78B309AF8E23} = {F985542D-A026-4391-A794-E34477F26E96}
		{136C1E1C-2C6D-4034-9AEC-BF703E8E37C9} = {C385CB5D-D87E-483F-B3B4-DE89A2D8505C}
		{9934635D-4DF6-4EB7-AA66-195D194B3F1F} = {7E55B315-AD82-4595-BDBB-0D100DFCE643}
		{245E0698-9DE1-4380-AA68-46E95317DE1F} = {7E55B315-AD82-4595-BDBB-0D100DFCE643}
		{457C1048-936F-4126-8ACC-AF5DB51D190F} = {7E55B315-AD82-4595-BDBB-0D100DFCE643}
		{EC820389-4239-4BDE-BF14-7E66E34257EB} = {76EDDED9-9FEE-483C-B2B3-65B1C02F1B4D}
		{968A42D7-4C07-427C-89EC-7CF03DB2DE9A} = {76EDDED9-9FEE-483C-B2B3-65B1C02F1B4D}
		{1780F688-BB97-4600-BA10-EEA4CD8DBE61} = {76EDDED9-9FEE-483C-B2B3-65B1C02F1B4D}
		{99392A95-2DDE-4492-973A-D277A62BDE65} = {72AF4BD2-7EA3-4946-A91C-B5E513FAB94D}
	EndGlobalSection
	GlobalSection(ExtensibilityGlobals) = postSolution
		SolutionGuid = {F5EEF65D-5502-4919-8C6D-48E825D3CBBB}
	EndGlobalSection
EndGlobal
