
Microsoft Visual Studio Solution File, Format Version 12.00
# Visual Studio 15
VisualStudioVersion = 15.0.26730.16
MinimumVisualStudioVersion = 10.0.40219.1
Project("{FAE04EC0-301F-11D3-BF4B-00C04F79EFBC}") = "MultiplierTestsLib", "MultiplierTestsLib\MultiplierTestsLib.csproj", "{AB97D397-A6B1-49F9-94E3-3128C3ED6F76}"
EndProject
Project("{FAE04EC0-301F-11D3-BF4B-00C04F79EFBC}") = "MultiplierLib", "MultiplierLib\MultiplierLib.csproj", "{CFB973AE-9DC5-4B51-A8F4-64266BF374FB}"
EndProject
Project("{FAE04EC0-301F-11D3-BF4B-00C04F79EFBC}") = "VarukorgTestsLib", "VarukorgTestsLib\VarukorgTestsLib.csproj", "{B4D283A5-144F-4A3E-9E01-120C6ADFD20F}"
EndProject
Project("{FAE04EC0-301F-11D3-BF4B-00C04F79EFBC}") = "VarukorgLib", "VarukorgLib\VarukorgLib.csproj", "{EFFA1FC2-79EF-4976-81A0-FD8A87274A33}"
EndProject
Project("{2150E333-8FDC-42A3-9474-1A3956D46DE8}") = "StoryTeller", "StoryTeller", "{3394449D-043A-4723-A274-033B3FD5F8CA}"
EndProject
Project("{FAE04EC0-301F-11D3-BF4B-00C04F79EFBC}") = "StorytellerWindowsApp", "StorytellerWindowsApp\StorytellerWindowsApp.csproj", "{D591C79B-89EB-4263-A0B5-EE20EBCE8B5A}"
EndProject
Project("{FAE04EC0-301F-11D3-BF4B-00C04F79EFBC}") = "CirkusTestsLib", "CirkusTestsLib\CirkusTestsLib.csproj", "{F6DDA807-E203-4580-8367-B3B32A235A7E}"
EndProject
Project("{FAE04EC0-301F-11D3-BF4B-00C04F79EFBC}") = "CirkusLib", "CirkusLib\CirkusLib.csproj", "{35AE4224-3925-402E-AE2E-D3F9100A61BC}"
EndProject
Project("{2150E333-8FDC-42A3-9474-1A3956D46DE8}") = "Cirkus", "Cirkus", "{E1ACEA9B-835F-47C5-8E23-C4DE3274054A}"
EndProject
Project("{2150E333-8FDC-42A3-9474-1A3956D46DE8}") = "Refaktorering av Exam", "Refaktorering av Exam", "{5730A08F-8AE8-4C19-AF6C-131B5265B0E2}"
EndProject
Project("{FAE04EC0-301F-11D3-BF4B-00C04F79EFBC}") = "ExamTestsLib", "ExamTestsLib\ExamTestsLib.csproj", "{77494448-A8FD-44D5-B54E-CDA1C0367D41}"
EndProject
Project("{FAE04EC0-301F-11D3-BF4B-00C04F79EFBC}") = "ExamLib", "ExamLib\ExamLib.csproj", "{E9E7BEC4-1392-4067-99D0-FC74F56B686E}"
EndProject
Project("{FAE04EC0-301F-11D3-BF4B-00C04F79EFBC}") = "ExamWindowsApp", "ExamWindowsApp\ExamWindowsApp.csproj", "{8A05A1A1-D8B4-4DE0-B930-7A0A78EC6820}"
EndProject
Project("{2150E333-8FDC-42A3-9474-1A3956D46DE8}") = "GuessNumer", "GuessNumer", "{BC84265C-CF45-4B30-902D-8CBD9E352F40}"
EndProject
Project("{FAE04EC0-301F-11D3-BF4B-00C04F79EFBC}") = "GuessNumberTestsLib", "GuessNumberTestsLib\GuessNumberTestsLib.csproj", "{16793637-F41F-4D61-8356-FC44DA732A3A}"
EndProject
Project("{9A19103F-16F7-4668-BE54-9A1E7A4F7556}") = "GuessNumberLib", "GuessNumberLib\GuessNumberLib.csproj", "{DB48EE14-9BCE-4C3D-BF0F-3CAE91039EAF}"
EndProject
Project("{FAE04EC0-301F-11D3-BF4B-00C04F79EFBC}") = "GuessNumberGui", "GuessNumberGui\GuessNumberGui.csproj", "{87A6BE47-6366-4C49-97E5-4BDD4A0E05E8}"
EndProject
Project("{2150E333-8FDC-42A3-9474-1A3956D46DE8}") = "DiceGame", "DiceGame", "{8D2D5F78-AA41-4946-9B2C-90C8AB72B4BF}"
EndProject
Project("{FAE04EC0-301F-11D3-BF4B-00C04F79EFBC}") = "DiceGameTestsLib", "DiceGameTestsLib\DiceGameTestsLib.csproj", "{EAACF265-8DD0-498A-8D85-531730B78DAF}"
EndProject
Project("{FAE04EC0-301F-11D3-BF4B-00C04F79EFBC}") = "DiceGameLib", "DiceGameLib\DiceGameLib.csproj", "{984444D2-9DDA-48C0-A986-8FC5CD016BCA}"
EndProject
Global
	GlobalSection(SolutionConfigurationPlatforms) = preSolution
		Debug|Any CPU = Debug|Any CPU
		Release|Any CPU = Release|Any CPU
	EndGlobalSection
	GlobalSection(ProjectConfigurationPlatforms) = postSolution
		{AB97D397-A6B1-49F9-94E3-3128C3ED6F76}.Debug|Any CPU.ActiveCfg = Debug|Any CPU
		{AB97D397-A6B1-49F9-94E3-3128C3ED6F76}.Debug|Any CPU.Build.0 = Debug|Any CPU
		{AB97D397-A6B1-49F9-94E3-3128C3ED6F76}.Release|Any CPU.ActiveCfg = Release|Any CPU
		{AB97D397-A6B1-49F9-94E3-3128C3ED6F76}.Release|Any CPU.Build.0 = Release|Any CPU
		{CFB973AE-9DC5-4B51-A8F4-64266BF374FB}.Debug|Any CPU.ActiveCfg = Debug|Any CPU
		{CFB973AE-9DC5-4B51-A8F4-64266BF374FB}.Debug|Any CPU.Build.0 = Debug|Any CPU
		{CFB973AE-9DC5-4B51-A8F4-64266BF374FB}.Release|Any CPU.ActiveCfg = Release|Any CPU
		{CFB973AE-9DC5-4B51-A8F4-64266BF374FB}.Release|Any CPU.Build.0 = Release|Any CPU
		{B4D283A5-144F-4A3E-9E01-120C6ADFD20F}.Debug|Any CPU.ActiveCfg = Debug|Any CPU
		{B4D283A5-144F-4A3E-9E01-120C6ADFD20F}.Debug|Any CPU.Build.0 = Debug|Any CPU
		{B4D283A5-144F-4A3E-9E01-120C6ADFD20F}.Release|Any CPU.ActiveCfg = Release|Any CPU
		{B4D283A5-144F-4A3E-9E01-120C6ADFD20F}.Release|Any CPU.Build.0 = Release|Any CPU
		{EFFA1FC2-79EF-4976-81A0-FD8A87274A33}.Debug|Any CPU.ActiveCfg = Debug|Any CPU
		{EFFA1FC2-79EF-4976-81A0-FD8A87274A33}.Debug|Any CPU.Build.0 = Debug|Any CPU
		{EFFA1FC2-79EF-4976-81A0-FD8A87274A33}.Release|Any CPU.ActiveCfg = Release|Any CPU
		{EFFA1FC2-79EF-4976-81A0-FD8A87274A33}.Release|Any CPU.Build.0 = Release|Any CPU
		{D591C79B-89EB-4263-A0B5-EE20EBCE8B5A}.Debug|Any CPU.ActiveCfg = Debug|Any CPU
		{D591C79B-89EB-4263-A0B5-EE20EBCE8B5A}.Debug|Any CPU.Build.0 = Debug|Any CPU
		{D591C79B-89EB-4263-A0B5-EE20EBCE8B5A}.Release|Any CPU.ActiveCfg = Release|Any CPU
		{D591C79B-89EB-4263-A0B5-EE20EBCE8B5A}.Release|Any CPU.Build.0 = Release|Any CPU
		{F6DDA807-E203-4580-8367-B3B32A235A7E}.Debug|Any CPU.ActiveCfg = Debug|Any CPU
		{F6DDA807-E203-4580-8367-B3B32A235A7E}.Debug|Any CPU.Build.0 = Debug|Any CPU
		{F6DDA807-E203-4580-8367-B3B32A235A7E}.Release|Any CPU.ActiveCfg = Release|Any CPU
		{F6DDA807-E203-4580-8367-B3B32A235A7E}.Release|Any CPU.Build.0 = Release|Any CPU
		{35AE4224-3925-402E-AE2E-D3F9100A61BC}.Debug|Any CPU.ActiveCfg = Debug|Any CPU
		{35AE4224-3925-402E-AE2E-D3F9100A61BC}.Debug|Any CPU.Build.0 = Debug|Any CPU
		{35AE4224-3925-402E-AE2E-D3F9100A61BC}.Release|Any CPU.ActiveCfg = Release|Any CPU
		{35AE4224-3925-402E-AE2E-D3F9100A61BC}.Release|Any CPU.Build.0 = Release|Any CPU
		{77494448-A8FD-44D5-B54E-CDA1C0367D41}.Debug|Any CPU.ActiveCfg = Debug|Any CPU
		{77494448-A8FD-44D5-B54E-CDA1C0367D41}.Debug|Any CPU.Build.0 = Debug|Any CPU
		{77494448-A8FD-44D5-B54E-CDA1C0367D41}.Release|Any CPU.ActiveCfg = Release|Any CPU
		{77494448-A8FD-44D5-B54E-CDA1C0367D41}.Release|Any CPU.Build.0 = Release|Any CPU
		{E9E7BEC4-1392-4067-99D0-FC74F56B686E}.Debug|Any CPU.ActiveCfg = Debug|Any CPU
		{E9E7BEC4-1392-4067-99D0-FC74F56B686E}.Debug|Any CPU.Build.0 = Debug|Any CPU
		{E9E7BEC4-1392-4067-99D0-FC74F56B686E}.Release|Any CPU.ActiveCfg = Release|Any CPU
		{E9E7BEC4-1392-4067-99D0-FC74F56B686E}.Release|Any CPU.Build.0 = Release|Any CPU
		{8A05A1A1-D8B4-4DE0-B930-7A0A78EC6820}.Debug|Any CPU.ActiveCfg = Debug|Any CPU
		{8A05A1A1-D8B4-4DE0-B930-7A0A78EC6820}.Debug|Any CPU.Build.0 = Debug|Any CPU
		{8A05A1A1-D8B4-4DE0-B930-7A0A78EC6820}.Release|Any CPU.ActiveCfg = Release|Any CPU
		{8A05A1A1-D8B4-4DE0-B930-7A0A78EC6820}.Release|Any CPU.Build.0 = Release|Any CPU
		{16793637-F41F-4D61-8356-FC44DA732A3A}.Debug|Any CPU.ActiveCfg = Debug|Any CPU
		{16793637-F41F-4D61-8356-FC44DA732A3A}.Debug|Any CPU.Build.0 = Debug|Any CPU
		{16793637-F41F-4D61-8356-FC44DA732A3A}.Release|Any CPU.ActiveCfg = Release|Any CPU
		{16793637-F41F-4D61-8356-FC44DA732A3A}.Release|Any CPU.Build.0 = Release|Any CPU
		{DB48EE14-9BCE-4C3D-BF0F-3CAE91039EAF}.Debug|Any CPU.ActiveCfg = Debug|Any CPU
		{DB48EE14-9BCE-4C3D-BF0F-3CAE91039EAF}.Debug|Any CPU.Build.0 = Debug|Any CPU
		{DB48EE14-9BCE-4C3D-BF0F-3CAE91039EAF}.Release|Any CPU.ActiveCfg = Release|Any CPU
		{DB48EE14-9BCE-4C3D-BF0F-3CAE91039EAF}.Release|Any CPU.Build.0 = Release|Any CPU
		{87A6BE47-6366-4C49-97E5-4BDD4A0E05E8}.Debug|Any CPU.ActiveCfg = Debug|Any CPU
		{87A6BE47-6366-4C49-97E5-4BDD4A0E05E8}.Debug|Any CPU.Build.0 = Debug|Any CPU
		{87A6BE47-6366-4C49-97E5-4BDD4A0E05E8}.Release|Any CPU.ActiveCfg = Release|Any CPU
		{87A6BE47-6366-4C49-97E5-4BDD4A0E05E8}.Release|Any CPU.Build.0 = Release|Any CPU
		{EAACF265-8DD0-498A-8D85-531730B78DAF}.Debug|Any CPU.ActiveCfg = Debug|Any CPU
		{EAACF265-8DD0-498A-8D85-531730B78DAF}.Debug|Any CPU.Build.0 = Debug|Any CPU
		{EAACF265-8DD0-498A-8D85-531730B78DAF}.Release|Any CPU.ActiveCfg = Release|Any CPU
		{EAACF265-8DD0-498A-8D85-531730B78DAF}.Release|Any CPU.Build.0 = Release|Any CPU
		{984444D2-9DDA-48C0-A986-8FC5CD016BCA}.Debug|Any CPU.ActiveCfg = Debug|Any CPU
		{984444D2-9DDA-48C0-A986-8FC5CD016BCA}.Debug|Any CPU.Build.0 = Debug|Any CPU
		{984444D2-9DDA-48C0-A986-8FC5CD016BCA}.Release|Any CPU.ActiveCfg = Release|Any CPU
		{984444D2-9DDA-48C0-A986-8FC5CD016BCA}.Release|Any CPU.Build.0 = Release|Any CPU
	EndGlobalSection
	GlobalSection(SolutionProperties) = preSolution
		HideSolutionNode = FALSE
	EndGlobalSection
	GlobalSection(NestedProjects) = preSolution
		{D591C79B-89EB-4263-A0B5-EE20EBCE8B5A} = {3394449D-043A-4723-A274-033B3FD5F8CA}
		{F6DDA807-E203-4580-8367-B3B32A235A7E} = {E1ACEA9B-835F-47C5-8E23-C4DE3274054A}
		{35AE4224-3925-402E-AE2E-D3F9100A61BC} = {E1ACEA9B-835F-47C5-8E23-C4DE3274054A}
		{77494448-A8FD-44D5-B54E-CDA1C0367D41} = {5730A08F-8AE8-4C19-AF6C-131B5265B0E2}
		{E9E7BEC4-1392-4067-99D0-FC74F56B686E} = {5730A08F-8AE8-4C19-AF6C-131B5265B0E2}
		{8A05A1A1-D8B4-4DE0-B930-7A0A78EC6820} = {5730A08F-8AE8-4C19-AF6C-131B5265B0E2}
		{16793637-F41F-4D61-8356-FC44DA732A3A} = {BC84265C-CF45-4B30-902D-8CBD9E352F40}
		{DB48EE14-9BCE-4C3D-BF0F-3CAE91039EAF} = {BC84265C-CF45-4B30-902D-8CBD9E352F40}
		{87A6BE47-6366-4C49-97E5-4BDD4A0E05E8} = {BC84265C-CF45-4B30-902D-8CBD9E352F40}
		{EAACF265-8DD0-498A-8D85-531730B78DAF} = {8D2D5F78-AA41-4946-9B2C-90C8AB72B4BF}
		{984444D2-9DDA-48C0-A986-8FC5CD016BCA} = {8D2D5F78-AA41-4946-9B2C-90C8AB72B4BF}
	EndGlobalSection
	GlobalSection(ExtensibilityGlobals) = postSolution
		SolutionGuid = {F5EEF65D-5502-4919-8C6D-48E825D3CBBB}
	EndGlobalSection
EndGlobal
